
Microsoft Visual Studio Solution File, Format Version 12.00
# Visual Studio Version 17
VisualStudioVersion = 17.3.32922.545
MinimumVisualStudioVersion = 10.0.40219.1
Project("{FAE04EC0-301F-11D3-BF4B-00C04F79EFBC}") = "mvc", "mvc.csproj", "{31210C66-5F51-42CF-96C0-2669A0AC4B47}"
EndProject
Global
	GlobalSection(SolutionConfigurationPlatforms) = preSolution
		Debug|Any CPU = Debug|Any CPU
		Release|Any CPU = Release|Any CPU
	EndGlobalSection
	GlobalSection(ProjectConfigurationPlatforms) = postSolution
		{31210C66-5F51-42CF-96C0-2669A0AC4B47}.Debug|Any CPU.ActiveCfg = Debug|Any CPU
		{31210C66-5F51-42CF-96C0-2669A0AC4B47}.Debug|Any CPU.Build.0 = Debug|Any CPU
		{31210C66-5F51-42CF-96C0-2669A0AC4B47}.Release|Any CPU.ActiveCfg = Release|Any CPU
		{31210C66-5F51-42CF-96C0-2669A0AC4B47}.Release|Any CPU.Build.0 = Release|Any CPU
	EndGlobalSection
	GlobalSection(SolutionProperties) = preSolution
		HideSolutionNode = FALSE
	EndGlobalSection
	GlobalSection(ExtensibilityGlobals) = postSolution
		SolutionGuid = {CD3B87F9-7D2C-4C0D-BA8F-43F77E313AB2}
	EndGlobalSection
EndGlobal
